// !$*UTF8*$!
{
	archiveVersion = 1;
	classes = {
	};
	objectVersion = 46;
	objects = {

/* Begin PBXBuildFile section */
		8C20FEB91D34D95700F6DDFC /* main.m in Sources */ = {isa = PBXBuildFile; fileRef = 8C20FEB81D34D95700F6DDFC /* main.m */; };
		8C20FEBC1D34D95700F6DDFC /* AppDelegate.m in Sources */ = {isa = PBXBuildFile; fileRef = 8C20FEBB1D34D95700F6DDFC /* AppDelegate.m */; };
		8C20FEBF1D34D95700F6DDFC /* ViewController.m in Sources */ = {isa = PBXBuildFile; fileRef = 8C20FEBE1D34D95700F6DDFC /* ViewController.m */; };
		8C20FEC21D34D95700F6DDFC /* Main.storyboard in Resources */ = {isa = PBXBuildFile; fileRef = 8C20FEC01D34D95700F6DDFC /* Main.storyboard */; };
		8C20FEC41D34D95700F6DDFC /* Assets.xcassets in Resources */ = {isa = PBXBuildFile; fileRef = 8C20FEC31D34D95700F6DDFC /* Assets.xcassets */; };
		8C20FEC71D34D95700F6DDFC /* LaunchScreen.storyboard in Resources */ = {isa = PBXBuildFile; fileRef = 8C20FEC51D34D95700F6DDFC /* LaunchScreen.storyboard */; };
		8C20FED21D34D95700F6DDFC /* ThermometerTests.m in Sources */ = {isa = PBXBuildFile; fileRef = 8C20FED11D34D95700F6DDFC /* ThermometerTests.m */; };
		8C20FEDD1D34D95700F6DDFC /* ThermometerUITests.m in Sources */ = {isa = PBXBuildFile; fileRef = 8C20FEDC1D34D95700F6DDFC /* ThermometerUITests.m */; };
/* End PBXBuildFile section */

/* Begin PBXContainerItemProxy section */
		8C20FECE1D34D95700F6DDFC /* PBXContainerItemProxy */ = {
			isa = PBXContainerItemProxy;
			containerPortal = 8C20FEAC1D34D95700F6DDFC /* Project object */;
			proxyType = 1;
			remoteGlobalIDString = 8C20FEB31D34D95700F6DDFC;
			remoteInfo = Thermometer;
		};
		8C20FED91D34D95700F6DDFC /* PBXContainerItemProxy */ = {
			isa = PBXContainerItemProxy;
			containerPortal = 8C20FEAC1D34D95700F6DDFC /* Project object */;
			proxyType = 1;
			remoteGlobalIDString = 8C20FEB31D34D95700F6DDFC;
			remoteInfo = Thermometer;
		};
/* End PBXContainerItemProxy section */

/* Begin PBXFileReference section */
		8C20FEB41D34D95700F6DDFC /* Thermometer.app */ = {isa = PBXFileReference; explicitFileType = wrapper.application; includeInIndex = 0; path = Thermometer.app; sourceTree = BUILT_PRODUCTS_DIR; };
		8C20FEB81D34D95700F6DDFC /* main.m */ = {isa = PBXFileReference; lastKnownFileType = sourcecode.c.objc; path = main.m; sourceTree = "<group>"; };
		8C20FEBA1D34D95700F6DDFC /* AppDelegate.h */ = {isa = PBXFileReference; lastKnownFileType = sourcecode.c.h; path = AppDelegate.h; sourceTree = "<group>"; };
		8C20FEBB1D34D95700F6DDFC /* AppDelegate.m */ = {isa = PBXFileReference; lastKnownFileType = sourcecode.c.objc; path = AppDelegate.m; sourceTree = "<group>"; };
		8C20FEBD1D34D95700F6DDFC /* ViewController.h */ = {isa = PBXFileReference; lastKnownFileType = sourcecode.c.h; path = ViewController.h; sourceTree = "<group>"; };
		8C20FEBE1D34D95700F6DDFC /* ViewController.m */ = {isa = PBXFileReference; lastKnownFileType = sourcecode.c.objc; path = ViewController.m; sourceTree = "<group>"; };
		8C20FEC11D34D95700F6DDFC /* Base */ = {isa = PBXFileReference; lastKnownFileType = file.storyboard; name = Base; path = Base.lproj/Main.storyboard; sourceTree = "<group>"; };
		8C20FEC31D34D95700F6DDFC /* Assets.xcassets */ = {isa = PBXFileReference; lastKnownFileType = folder.assetcatalog; path = Assets.xcassets; sourceTree = "<group>"; };
		8C20FEC61D34D95700F6DDFC /* Base */ = {isa = PBXFileReference; lastKnownFileType = file.storyboard; name = Base; path = Base.lproj/LaunchScreen.storyboard; sourceTree = "<group>"; };
		8C20FEC81D34D95700F6DDFC /* Info.plist */ = {isa = PBXFileReference; lastKnownFileType = text.plist.xml; path = Info.plist; sourceTree = "<group>"; };
		8C20FECD1D34D95700F6DDFC /* ThermometerTests.xctest */ = {isa = PBXFileReference; explicitFileType = wrapper.cfbundle; includeInIndex = 0; path = ThermometerTests.xctest; sourceTree = BUILT_PRODUCTS_DIR; };
		8C20FED11D34D95700F6DDFC /* ThermometerTests.m */ = {isa = PBXFileReference; lastKnownFileType = sourcecode.c.objc; path = ThermometerTests.m; sourceTree = "<group>"; };
		8C20FED31D34D95700F6DDFC /* Info.plist */ = {isa = PBXFileReference; lastKnownFileType = text.plist.xml; path = Info.plist; sourceTree = "<group>"; };
		8C20FED81D34D95700F6DDFC /* ThermometerUITests.xctest */ = {isa = PBXFileReference; explicitFileType = wrapper.cfbundle; includeInIndex = 0; path = ThermometerUITests.xctest; sourceTree = BUILT_PRODUCTS_DIR; };
		8C20FEDC1D34D95700F6DDFC /* ThermometerUITests.m */ = {isa = PBXFileReference; lastKnownFileType = sourcecode.c.objc; path = ThermometerUITests.m; sourceTree = "<group>"; };
		8C20FEDE1D34D95700F6DDFC /* Info.plist */ = {isa = PBXFileReference; lastKnownFileType = text.plist.xml; path = Info.plist; sourceTree = "<group>"; };
/* End PBXFileReference section */

/* Begin PBXFrameworksBuildPhase section */
		8C20FEB11D34D95700F6DDFC /* Frameworks */ = {
			isa = PBXFrameworksBuildPhase;
			buildActionMask = 2147483647;
			files = (
			);
			runOnlyForDeploymentPostprocessing = 0;
		};
		8C20FECA1D34D95700F6DDFC /* Frameworks */ = {
			isa = PBXFrameworksBuildPhase;
			buildActionMask = 2147483647;
			files = (
			);
			runOnlyForDeploymentPostprocessing = 0;
		};
		8C20FED51D34D95700F6DDFC /* Frameworks */ = {
			isa = PBXFrameworksBuildPhase;
			buildActionMask = 2147483647;
			files = (
			);
			runOnlyForDeploymentPostprocessing = 0;
		};
/* End PBXFrameworksBuildPhase section */

/* Begin PBXGroup section */
		8C20FEAB1D34D95700F6DDFC = {
			isa = PBXGroup;
			children = (
				8C20FEB61D34D95700F6DDFC /* Thermometer */,
				8C20FED01D34D95700F6DDFC /* ThermometerTests */,
				8C20FEDB1D34D95700F6DDFC /* ThermometerUITests */,
				8C20FEB51D34D95700F6DDFC /* Products */,
			);
			sourceTree = "<group>";
		};
		8C20FEB51D34D95700F6DDFC /* Products */ = {
			isa = PBXGroup;
			children = (
				8C20FEB41D34D95700F6DDFC /* Thermometer.app */,
				8C20FECD1D34D95700F6DDFC /* ThermometerTests.xctest */,
				8C20FED81D34D95700F6DDFC /* ThermometerUITests.xctest */,
			);
			name = Products;
			sourceTree = "<group>";
		};
		8C20FEB61D34D95700F6DDFC /* Thermometer */ = {
			isa = PBXGroup;
			children = (
				8C20FEBA1D34D95700F6DDFC /* AppDelegate.h */,
				8C20FEBB1D34D95700F6DDFC /* AppDelegate.m */,
				8C20FEBD1D34D95700F6DDFC /* ViewController.h */,
				8C20FEBE1D34D95700F6DDFC /* ViewController.m */,
				8C20FEC01D34D95700F6DDFC /* Main.storyboard */,
				8C20FEC31D34D95700F6DDFC /* Assets.xcassets */,
				8C20FEC51D34D95700F6DDFC /* LaunchScreen.storyboard */,
				8C20FEC81D34D95700F6DDFC /* Info.plist */,
				8C20FEB71D34D95700F6DDFC /* Supporting Files */,
			);
			path = Thermometer;
			sourceTree = "<group>";
		};
		8C20FEB71D34D95700F6DDFC /* Supporting Files */ = {
			isa = PBXGroup;
			children = (
				8C20FEB81D34D95700F6DDFC /* main.m */,
			);
			name = "Supporting Files";
			sourceTree = "<group>";
		};
		8C20FED01D34D95700F6DDFC /* ThermometerTests */ = {
			isa = PBXGroup;
			children = (
				8C20FED11D34D95700F6DDFC /* ThermometerTests.m */,
				8C20FED31D34D95700F6DDFC /* Info.plist */,
			);
			path = ThermometerTests;
			sourceTree = "<group>";
		};
		8C20FEDB1D34D95700F6DDFC /* ThermometerUITests */ = {
			isa = PBXGroup;
			children = (
				8C20FEDC1D34D95700F6DDFC /* ThermometerUITests.m */,
				8C20FEDE1D34D95700F6DDFC /* Info.plist */,
			);
			path = ThermometerUITests;
			sourceTree = "<group>";
		};
/* End PBXGroup section */

/* Begin PBXNativeTarget section */
		8C20FEB31D34D95700F6DDFC /* Thermometer */ = {
			isa = PBXNativeTarget;
			buildConfigurationList = 8C20FEE11D34D95700F6DDFC /* Build configuration list for PBXNativeTarget "Thermometer" */;
			buildPhases = (
				8C20FEB01D34D95700F6DDFC /* Sources */,
				8C20FEB11D34D95700F6DDFC /* Frameworks */,
				8C20FEB21D34D95700F6DDFC /* Resources */,
			);
			buildRules = (
			);
			dependencies = (
			);
			name = Thermometer;
			productName = Thermometer;
			productReference = 8C20FEB41D34D95700F6DDFC /* Thermometer.app */;
			productType = "com.apple.product-type.application";
		};
		8C20FECC1D34D95700F6DDFC /* ThermometerTests */ = {
			isa = PBXNativeTarget;
			buildConfigurationList = 8C20FEE41D34D95700F6DDFC /* Build configuration list for PBXNativeTarget "ThermometerTests" */;
			buildPhases = (
				8C20FEC91D34D95700F6DDFC /* Sources */,
				8C20FECA1D34D95700F6DDFC /* Frameworks */,
				8C20FECB1D34D95700F6DDFC /* Resources */,
			);
			buildRules = (
			);
			dependencies = (
				8C20FECF1D34D95700F6DDFC /* PBXTargetDependency */,
			);
			name = ThermometerTests;
			productName = ThermometerTests;
			productReference = 8C20FECD1D34D95700F6DDFC /* ThermometerTests.xctest */;
			productType = "com.apple.product-type.bundle.unit-test";
		};
		8C20FED71D34D95700F6DDFC /* ThermometerUITests */ = {
			isa = PBXNativeTarget;
			buildConfigurationList = 8C20FEE71D34D95700F6DDFC /* Build configuration list for PBXNativeTarget "ThermometerUITests" */;
			buildPhases = (
				8C20FED41D34D95700F6DDFC /* Sources */,
				8C20FED51D34D95700F6DDFC /* Frameworks */,
				8C20FED61D34D95700F6DDFC /* Resources */,
			);
			buildRules = (
			);
			dependencies = (
				8C20FEDA1D34D95700F6DDFC /* PBXTargetDependency */,
			);
			name = ThermometerUITests;
			productName = ThermometerUITests;
			productReference = 8C20FED81D34D95700F6DDFC /* ThermometerUITests.xctest */;
			productType = "com.apple.product-type.bundle.ui-testing";
		};
/* End PBXNativeTarget section */

/* Begin PBXProject section */
		8C20FEAC1D34D95700F6DDFC /* Project object */ = {
			isa = PBXProject;
			attributes = {
				LastUpgradeCheck = 0730;
				ORGANIZATIONNAME = Realank;
				TargetAttributes = {
					8C20FEB31D34D95700F6DDFC = {
						CreatedOnToolsVersion = 7.3.1;
					};
					8C20FECC1D34D95700F6DDFC = {
						CreatedOnToolsVersion = 7.3.1;
						TestTargetID = 8C20FEB31D34D95700F6DDFC;
					};
					8C20FED71D34D95700F6DDFC = {
						CreatedOnToolsVersion = 7.3.1;
						TestTargetID = 8C20FEB31D34D95700F6DDFC;
					};
				};
			};
			buildConfigurationList = 8C20FEAF1D34D95700F6DDFC /* Build configuration list for PBXProject "Thermometer" */;
			compatibilityVersion = "Xcode 3.2";
			developmentRegion = English;
			hasScannedForEncodings = 0;
			knownRegions = (
				en,
				Base,
			);
			mainGroup = 8C20FEAB1D34D95700F6DDFC;
			productRefGroup = 8C20FEB51D34D95700F6DDFC /* Products */;
			projectDirPath = "";
			projectRoot = "";
			targets = (
				8C20FEB31D34D95700F6DDFC /* Thermometer */,
				8C20FECC1D34D95700F6DDFC /* ThermometerTests */,
				8C20FED71D34D95700F6DDFC /* ThermometerUITests */,
			);
		};
/* End PBXProject section */

/* Begin PBXResourcesBuildPhase section */
		8C20FEB21D34D95700F6DDFC /* Resources */ = {
			isa = PBXResourcesBuildPhase;
			buildActionMask = 2147483647;
			files = (
				8C20FEC71D34D95700F6DDFC /* LaunchScreen.storyboard in Resources */,
				8C20FEC41D34D95700F6DDFC /* Assets.xcassets in Resources */,
				8C20FEC21D34D95700F6DDFC /* Main.storyboard in Resources */,
			);
			runOnlyForDeploymentPostprocessing = 0;
		};
		8C20FECB1D34D95700F6DDFC /* Resources */ = {
			isa = PBXResourcesBuildPhase;
			buildActionMask = 2147483647;
			files = (
			);
			runOnlyForDeploymentPostprocessing = 0;
		};
		8C20FED61D34D95700F6DDFC /* Resources */ = {
			isa = PBXResourcesBuildPhase;
			buildActionMask = 2147483647;
			files = (
			);
			runOnlyForDeploymentPostprocessing = 0;
		};
/* End PBXResourcesBuildPhase section */

/* Begin PBXSourcesBuildPhase section */
		8C20FEB01D34D95700F6DDFC /* Sources */ = {
			isa = PBXSourcesBuildPhase;
			buildActionMask = 2147483647;
			files = (
				8C20FEBF1D34D95700F6DDFC /* ViewController.m in Sources */,
				8C20FEBC1D34D95700F6DDFC /* AppDelegate.m in Sources */,
				8C20FEB91D34D95700F6DDFC /* main.m in Sources */,
			);
			runOnlyForDeploymentPostprocessing = 0;
		};
		8C20FEC91D34D95700F6DDFC /* Sources */ = {
			isa = PBXSourcesBuildPhase;
			buildActionMask = 2147483647;
			files = (
				8C20FED21D34D95700F6DDFC /* ThermometerTests.m in Sources */,
			);
			runOnlyForDeploymentPostprocessing = 0;
		};
		8C20FED41D34D95700F6DDFC /* Sources */ = {
			isa = PBXSourcesBuildPhase;
			buildActionMask = 2147483647;
			files = (
				8C20FEDD1D34D95700F6DDFC /* ThermometerUITests.m in Sources */,
			);
			runOnlyForDeploymentPostprocessing = 0;
		};
/* End PBXSourcesBuildPhase section */

/* Begin PBXTargetDependency section */
		8C20FECF1D34D95700F6DDFC /* PBXTargetDependency */ = {
			isa = PBXTargetDependency;
			target = 8C20FEB31D34D95700F6DDFC /* Thermometer */;
			targetProxy = 8C20FECE1D34D95700F6DDFC /* PBXContainerItemProxy */;
		};
		8C20FEDA1D34D95700F6DDFC /* PBXTargetDependency */ = {
			isa = PBXTargetDependency;
			target = 8C20FEB31D34D95700F6DDFC /* Thermometer */;
			targetProxy = 8C20FED91D34D95700F6DDFC /* PBXContainerItemProxy */;
		};
/* End PBXTargetDependency section */

/* Begin PBXVariantGroup section */
		8C20FEC01D34D95700F6DDFC /* Main.storyboard */ = {
			isa = PBXVariantGroup;
			children = (
				8C20FEC11D34D95700F6DDFC /* Base */,
			);
			name = Main.storyboard;
			sourceTree = "<group>";
		};
		8C20FEC51D34D95700F6DDFC /* LaunchScreen.storyboard */ = {
			isa = PBXVariantGroup;
			children = (
				8C20FEC61D34D95700F6DDFC /* Base */,
			);
			name = LaunchScreen.storyboard;
			sourceTree = "<group>";
		};
/* End PBXVariantGroup section */

/* Begin XCBuildConfiguration section */
		8C20FEDF1D34D95700F6DDFC /* Debug */ = {
			isa = XCBuildConfiguration;
			buildSettings = {
				ALWAYS_SEARCH_USER_PATHS = NO;
				CLANG_ANALYZER_NONNULL = YES;
				CLANG_CXX_LANGUAGE_STANDARD = "gnu++0x";
				CLANG_CXX_LIBRARY = "libc++";
				CLANG_ENABLE_MODULES = YES;
				CLANG_ENABLE_OBJC_ARC = YES;
				CLANG_WARN_BOOL_CONVERSION = YES;
				CLANG_WARN_CONSTANT_CONVERSION = YES;
				CLANG_WARN_DIRECT_OBJC_ISA_USAGE = YES_ERROR;
				CLANG_WARN_EMPTY_BODY = YES;
				CLANG_WARN_ENUM_CONVERSION = YES;
				CLANG_WARN_INT_CONVERSION = YES;
				CLANG_WARN_OBJC_ROOT_CLASS = YES_ERROR;
				CLANG_WARN_UNREACHABLE_CODE = YES;
				CLANG_WARN__DUPLICATE_METHOD_MATCH = YES;
				"CODE_SIGN_IDENTITY[sdk=iphoneos*]" = "iPhone Developer";
				COPY_PHASE_STRIP = NO;
				DEBUG_INFORMATION_FORMAT = dwarf;
				ENABLE_STRICT_OBJC_MSGSEND = YES;
				ENABLE_TESTABILITY = YES;
				GCC_C_LANGUAGE_STANDARD = gnu99;
				GCC_DYNAMIC_NO_PIC = NO;
				GCC_NO_COMMON_BLOCKS = YES;
				GCC_OPTIMIZATION_LEVEL = 0;
				GCC_PREPROCESSOR_DEFINITIONS = (
					"DEBUG=1",
					"$(inherited)",
				);
				GCC_WARN_64_TO_32_BIT_CONVERSION = YES;
				GCC_WARN_ABOUT_RETURN_TYPE = YES_ERROR;
				GCC_WARN_UNDECLARED_SELECTOR = YES;
				GCC_WARN_UNINITIALIZED_AUTOS = YES_AGGRESSIVE;
				GCC_WARN_UNUSED_FUNCTION = YES;
				GCC_WARN_UNUSED_VARIABLE = YES;
				IPHONEOS_DEPLOYMENT_TARGET = 9.3;
				MTL_ENABLE_DEBUG_INFO = YES;
				ONLY_ACTIVE_ARCH = YES;
				SDKROOT = iphoneos;
				TARGETED_DEVICE_FAMILY = "1,2";
			};
			name = Debug;
		};
		8C20FEE01D34D95700F6DDFC /* Release */ = {
			isa = XCBuildConfiguration;
			buildSettings = {
				ALWAYS_SEARCH_USER_PATHS = NO;
				CLANG_ANALYZER_NONNULL = YES;
				CLANG_CXX_LANGUAGE_STANDARD = "gnu++0x";
				CLANG_CXX_LIBRARY = "libc++";
				CLANG_ENABLE_MODULES = YES;
				CLANG_ENABLE_OBJC_ARC = YES;
				CLANG_WARN_BOOL_CONVERSION = YES;
				CLANG_WARN_CONSTANT_CONVERSION = YES;
				CLANG_WARN_DIRECT_OBJC_ISA_USAGE = YES_ERROR;
				CLANG_WARN_EMPTY_BODY = YES;
				CLANG_WARN_ENUM_CONVERSION = YES;
				CLANG_WARN_INT_CONVERSION = YES;
				CLANG_WARN_OBJC_ROOT_CLASS = YES_ERROR;
				CLANG_WARN_UNREACHABLE_CODE = YES;
				CLANG_WARN__DUPLICATE_METHOD_MATCH = YES;
				"CODE_SIGN_IDENTITY[sdk=iphoneos*]" = "iPhone Developer";
				COPY_PHASE_STRIP = NO;
				DEBUG_INFORMATION_FORMAT = "dwarf-with-dsym";
				ENABLE_NS_ASSERTIONS = NO;
				ENABLE_STRICT_OBJC_MSGSEND = YES;
				GCC_C_LANGUAGE_STANDARD = gnu99;
				GCC_NO_COMMON_BLOCKS = YES;
				GCC_WARN_64_TO_32_BIT_CONVERSION = YES;
				GCC_WARN_ABOUT_RETURN_TYPE = YES_ERROR;
				GCC_WARN_UNDECLARED_SELECTOR = YES;
				GCC_WARN_UNINITIALIZED_AUTOS = YES_AGGRESSIVE;
				GCC_WARN_UNUSED_FUNCTION = YES;
				GCC_WARN_UNUSED_VARIABLE = YES;
				IPHONEOS_DEPLOYMENT_TARGET = 9.3;
				MTL_ENABLE_DEBUG_INFO = NO;
				SDKROOT = iphoneos;
				TARGETED_DEVICE_FAMILY = "1,2";
				VALIDATE_PRODUCT = YES;
			};
			name = Release;
		};
		8C20FEE21D34D95700F6DDFC /* Debug */ = {
			isa = XCBuildConfiguration;
			buildSettings = {
				ASSETCATALOG_COMPILER_APPICON_NAME = AppIcon;
				INFOPLIST_FILE = Thermometer/Info.plist;
				LD_RUNPATH_SEARCH_PATHS = "$(inherited) @executable_path/Frameworks";
				PRODUCT_BUNDLE_IDENTIFIER = com.realank.Thermometer;
				PRODUCT_NAME = "$(TARGET_NAME)";
			};
			name = Debug;
		};
		8C20FEE31D34D95700F6DDFC /* Release */ = {
			isa = XCBuildConfiguration;
			buildSettings = {
				ASSETCATALOG_COMPILER_APPICON_NAME = AppIcon;
				INFOPLIST_FILE = Thermometer/Info.plist;
				LD_RUNPATH_SEARCH_PATHS = "$(inherited) @executable_path/Frameworks";
				PRODUCT_BUNDLE_IDENTIFIER = com.realank.Thermometer;
				PRODUCT_NAME = "$(TARGET_NAME)";
			};
			name = Release;
		};
		8C20FEE51D34D95700F6DDFC /* Debug */ = {
			isa = XCBuildConfiguration;
			buildSettings = {
				BUNDLE_LOADER = "$(TEST_HOST)";
				INFOPLIST_FILE = ThermometerTests/Info.plist;
				LD_RUNPATH_SEARCH_PATHS = "$(inherited) @executable_path/Frameworks @loader_path/Frameworks";
				PRODUCT_BUNDLE_IDENTIFIER = com.realank.ThermometerTests;
				PRODUCT_NAME = "$(TARGET_NAME)";
				TEST_HOST = "$(BUILT_PRODUCTS_DIR)/Thermometer.app/Thermometer";
			};
			name = Debug;
		};
		8C20FEE61D34D95700F6DDFC /* Release */ = {
			isa = XCBuildConfiguration;
			buildSettings = {
				BUNDLE_LOADER = "$(TEST_HOST)";
				INFOPLIST_FILE = ThermometerTests/Info.plist;
				LD_RUNPATH_SEARCH_PATHS = "$(inherited) @executable_path/Frameworks @loader_path/Frameworks";
				PRODUCT_BUNDLE_IDENTIFIER = com.realank.ThermometerTests;
				PRODUCT_NAME = "$(TARGET_NAME)";
				TEST_HOST = "$(BUILT_PRODUCTS_DIR)/Thermometer.app/Thermometer";
			};
			name = Release;
		};
		8C20FEE81D34D95700F6DDFC /* Debug */ = {
			isa = XCBuildConfiguration;
			buildSettings = {
				INFOPLIST_FILE = ThermometerUITests/Info.plist;
				LD_RUNPATH_SEARCH_PATHS = "$(inherited) @executable_path/Frameworks @loader_path/Frameworks";
				PRODUCT_BUNDLE_IDENTIFIER = com.realank.ThermometerUITests;
				PRODUCT_NAME = "$(TARGET_NAME)";
				TEST_TARGET_NAME = Thermometer;
			};
			name = Debug;
		};
		8C20FEE91D34D95700F6DDFC /* Release */ = {
			isa = XCBuildConfiguration;
			buildSettings = {
				INFOPLIST_FILE = ThermometerUITests/Info.plist;
				LD_RUNPATH_SEARCH_PATHS = "$(inherited) @executable_path/Frameworks @loader_path/Frameworks";
				PRODUCT_BUNDLE_IDENTIFIER = com.realank.ThermometerUITests;
				PRODUCT_NAME = "$(TARGET_NAME)";
				TEST_TARGET_NAME = Thermometer;
			};
			name = Release;
		};
/* End XCBuildConfiguration section */

/* Begin XCConfigurationList section */
		8C20FEAF1D34D95700F6DDFC /* Build configuration list for PBXProject "Thermometer" */ = {
			isa = XCConfigurationList;
			buildConfigurations = (
				8C20FEDF1D34D95700F6DDFC /* Debug */,
				8C20FEE01D34D95700F6DDFC /* Release */,
			);
			defaultConfigurationIsVisible = 0;
			defaultConfigurationName = Release;
		};
		8C20FEE11D34D95700F6DDFC /* Build configuration list for PBXNativeTarget "Thermometer" */ = {
			isa = XCConfigurationList;
			buildConfigurations = (
				8C20FEE21D34D95700F6DDFC /* Debug */,
				8C20FEE31D34D95700F6DDFC /* Release */,
			);
			defaultConfigurationIsVisible = 0;
		};
		8C20FEE41D34D95700F6DDFC /* Build configuration list for PBXNativeTarget "ThermometerTests" */ = {
			isa = XCConfigurationList;
			buildConfigurations = (
				8C20FEE51D34D95700F6DDFC /* Debug */,
				8C20FEE61D34D95700F6DDFC /* Release */,
			);
			defaultConfigurationIsVisible = 0;
		};
		8C20FEE71D34D95700F6DDFC /* Build configuration list for PBXNativeTarget "ThermometerUITests" */ = {
			isa = XCConfigurationList;
			buildConfigurations = (
				8C20FEE81D34D95700F6DDFC /* Debug */,
				8C20FEE91D34D95700F6DDFC /* Release */,
			);
			defaultConfigurationIsVisible = 0;
		};
/* End XCConfigurationList section */
	};
	rootObject = 8C20FEAC1D34D95700F6DDFC /* Project object */;
}
